{
  "name": "indicators-data-test",
  "version": "1.0.0",
  "lockfileVersion": 2,
  "requires": true,
  "packages": {
    "": {
      "name": "indicators-data-test",
      "version": "1.0.0",
      "license": "ISC",
      "dependencies": {
        "@ixjb94/indicators": "^1.1.22"
      }
    },
    "node_modules/@ixjb94/indicators": {
      "version": "1.1.22",
      "resolved": "https://registry.npmjs.org/@ixjb94/indicators/-/indicators-1.1.22.tgz",
      "integrity": "sha512-BkhPT6RJ7NqZByz+6TSW60+m2OYCYGbB7jsAda8iy5IFd7/pgU04xDKXlXVepwmtK03o8/6RKLXX7V5Qm7z9Ag=="
    }
  },
  "dependencies": {
    "@ixjb94/indicators": {
      "version": "1.1.22",
      "resolved": "https://registry.npmjs.org/@ixjb94/indicators/-/indicators-1.1.22.tgz",
      "integrity": "sha512-BkhPT6RJ7NqZByz+6TSW60+m2OYCYGbB7jsAda8iy5IFd7/pgU04xDKXlXVepwmtK03o8/6RKLXX7V5Qm7z9Ag=="
    }
  }
}
